
Microsoft Visual Studio Solution File, Format Version 12.00
# Visual Studio Version 16
VisualStudioVersion = 16.0.33130.400
MinimumVisualStudioVersion = 10.0.40219.1
Project("{FAE04EC0-301F-11D3-BF4B-00C04F79EFBC}") = "OOP_Assignment_7Q3", "OOP_Assignment_7Q3.csproj", "{F691CA7E-4805-4387-8E07-CB81CA99D2F5}"
EndProject
Global
	GlobalSection(SolutionConfigurationPlatforms) = preSolution
		Debug|Any CPU = Debug|Any CPU
		Release|Any CPU = Release|Any CPU
	EndGlobalSection
	GlobalSection(ProjectConfigurationPlatforms) = postSolution
		{F691CA7E-4805-4387-8E07-CB81CA99D2F5}.Debug|Any CPU.ActiveCfg = Debug|Any CPU
		{F691CA7E-4805-4387-8E07-CB81CA99D2F5}.Debug|Any CPU.Build.0 = Debug|Any CPU
		{F691CA7E-4805-4387-8E07-CB81CA99D2F5}.Release|Any CPU.ActiveCfg = Release|Any CPU
		{F691CA7E-4805-4387-8E07-CB81CA99D2F5}.Release|Any CPU.Build.0 = Release|Any CPU
	EndGlobalSection
	GlobalSection(SolutionProperties) = preSolution
		HideSolutionNode = FALSE
	EndGlobalSection
	GlobalSection(ExtensibilityGlobals) = postSolution
		SolutionGuid = {27024EAE-E165-4FDF-A601-E3A2EC2A49A1}
	EndGlobalSection
EndGlobal
